
Microsoft Visual Studio Solution File, Format Version 12.00
# Visual Studio Version 16
VisualStudioVersion = 16.0.30114.105
MinimumVisualStudioVersion = 10.0.40219.1
Project("{FAE04EC0-301F-11D3-BF4B-00C04F79EFBC}") = "StoreLocator", "StoreLocator.csproj", "{DA52C9DA-F1BB-4366-9477-FF577FCF5B1B}"
EndProject
Global
	GlobalSection(SolutionConfigurationPlatforms) = preSolution
		Debug|Any CPU = Debug|Any CPU
		Release|Any CPU = Release|Any CPU
	EndGlobalSection
	GlobalSection(ProjectConfigurationPlatforms) = postSolution
		{DA52C9DA-F1BB-4366-9477-FF577FCF5B1B}.Debug|Any CPU.ActiveCfg = Debug|Any CPU
		{DA52C9DA-F1BB-4366-9477-FF577FCF5B1B}.Debug|Any CPU.Build.0 = Debug|Any CPU
		{DA52C9DA-F1BB-4366-9477-FF577FCF5B1B}.Release|Any CPU.ActiveCfg = Release|Any CPU
		{DA52C9DA-F1BB-4366-9477-FF577FCF5B1B}.Release|Any CPU.Build.0 = Release|Any CPU
	EndGlobalSection
	GlobalSection(SolutionProperties) = preSolution
		HideSolutionNode = FALSE
	EndGlobalSection
	GlobalSection(ExtensibilityGlobals) = postSolution
		SolutionGuid = {B2EF3646-3152-4B16-AD7E-1820B4B8BCA4}
	EndGlobalSection
EndGlobal
